
Microsoft Visual Studio Solution File, Format Version 12.00
# Visual Studio Version 16
VisualStudioVersion = 16.0.30907.101
MinimumVisualStudioVersion = 10.0.40219.1
Project("{8BC9CEB8-8B4A-11D0-8D11-00A0C91BC942}") = "Akulov_Lr1", "Akulov_Lr1\Akulov_Lr1.vcxproj", "{FF8A41F0-D291-48CF-BDD7-4F0B09FFB216}"
EndProject
Global
	GlobalSection(SolutionConfigurationPlatforms) = preSolution
		Debug|x64 = Debug|x64
		Debug|x86 = Debug|x86
		Release|x64 = Release|x64
		Release|x86 = Release|x86
	EndGlobalSection
	GlobalSection(ProjectConfigurationPlatforms) = postSolution
		{FF8A41F0-D291-48CF-BDD7-4F0B09FFB216}.Debug|x64.ActiveCfg = Debug|x64
		{FF8A41F0-D291-48CF-BDD7-4F0B09FFB216}.Debug|x64.Build.0 = Debug|x64
		{FF8A41F0-D291-48CF-BDD7-4F0B09FFB216}.Debug|x86.ActiveCfg = Debug|Win32
		{FF8A41F0-D291-48CF-BDD7-4F0B09FFB216}.Debug|x86.Build.0 = Debug|Win32
		{FF8A41F0-D291-48CF-BDD7-4F0B09FFB216}.Release|x64.ActiveCfg = Release|x64
		{FF8A41F0-D291-48CF-BDD7-4F0B09FFB216}.Release|x64.Build.0 = Release|x64
		{FF8A41F0-D291-48CF-BDD7-4F0B09FFB216}.Release|x86.ActiveCfg = Release|Win32
		{FF8A41F0-D291-48CF-BDD7-4F0B09FFB216}.Release|x86.Build.0 = Release|Win32
	EndGlobalSection
	GlobalSection(SolutionProperties) = preSolution
		HideSolutionNode = FALSE
	EndGlobalSection
	GlobalSection(ExtensibilityGlobals) = postSolution
		SolutionGuid = {8BF7B885-D169-494B-A768-AAD16A3E80AA}
	EndGlobalSection
EndGlobal
